<?xml version="1.0" encoding="utf-8"?>
<Project ToolsVersion="4.0" xmlns="http://schemas.microsoft.com/developer/msbuild/2003">
  <ItemGroup>
    <Filter Include="Resource Files">
      <UniqueIdentifier>{67DA6AB6-F800-4c08-8B7A-83BB121AAD01}</UniqueIdentifier>
      <Extensions>rc;ico;cur;bmp;dlg;rc2;rct;bin;rgs;gif;jpg;jpeg;jpe;resx;tiff;tif;png;wav;mfcribbon-ms</Extensions>
    </Filter>
    <Filter Include="Project">
      <UniqueIdentifier>{8636ac9d-3a74-4c13-9ea5-e3bcc011de60}</UniqueIdentifier>
    </Filter>
    <Filter Include="Engine">
      <UniqueIdentifier>{a17761fe-29f0-4bbc-b9c5-6bbc474d85e0}</UniqueIdentifier>
    </Filter>
    <Filter Include="Engine\GameComponents">
      <UniqueIdentifier>{3713109c-c355-4d98-89ba-53e6a56e698c}</UniqueIdentifier>
    </Filter>
    <Filter Include="Engine\imgui">
      <UniqueIdentifier>{77fa341d-6d94-4cf0-933d-1f6a4f5bf2cc}</UniqueIdentifier>
    </Filter>
  </ItemGroup>
  <ItemGroup>
    <ClInclude Include="Scene.h">
      <Filter>Project</Filter>
    </ClInclude>
    <ClInclude Include="Font.h">
      <Filter>Engine</Filter>
    </ClInclude>
    <ClInclude Include="InputManager.h">
      <Filter>Engine</Filter>
    </ClInclude>
    <ClInclude Include="Minigin.h">
      <Filter>Engine</Filter>
    </ClInclude>
    <ClInclude Include="Renderer.h">
      <Filter>Engine</Filter>
    </ClInclude>
    <ClInclude Include="ResourceManager.h">
      <Filter>Engine</Filter>
    </ClInclude>
    <ClInclude Include="SceneManager.h">
      <Filter>Engine</Filter>
    </ClInclude>
    <ClInclude Include="Singleton.h">
      <Filter>Engine</Filter>
    </ClInclude>
    <ClInclude Include="Texture2D.h">
      <Filter>Engine</Filter>
    </ClInclude>
    <ClInclude Include="Transform.h">
      <Filter>Engine</Filter>
    </ClInclude>
    <ClInclude Include="GameObject.h">
      <Filter>Engine\GameComponents</Filter>
    </ClInclude>
    <ClInclude Include="BaseComponent.h">
      <Filter>Engine\GameComponents</Filter>
    </ClInclude>
    <ClInclude Include="TextureComponent.h">
      <Filter>Engine\GameComponents</Filter>
    </ClInclude>
    <ClInclude Include="TextComponent.h">
      <Filter>Engine\GameComponents</Filter>
    </ClInclude>
    <ClInclude Include="FPSComponent.h">
      <Filter>Engine\GameComponents</Filter>
    </ClInclude>
    <ClInclude Include="RotationComponent.h">
      <Filter>Engine\GameComponents</Filter>
    </ClInclude>
    <ClInclude Include="..\3rdParty\imgui\imconfig.h">
      <Filter>Engine\imgui</Filter>
    </ClInclude>
    <ClInclude Include="..\3rdParty\imgui\imgui.h">
      <Filter>Engine\imgui</Filter>
    </ClInclude>
    <ClInclude Include="..\3rdParty\imgui\imgui_internal.h">
      <Filter>Engine\imgui</Filter>
    </ClInclude>
    <ClInclude Include="..\3rdParty\imgui\imstb_rectpack.h">
      <Filter>Engine\imgui</Filter>
    </ClInclude>
    <ClInclude Include="..\3rdParty\imgui\imstb_textedit.h">
      <Filter>Engine\imgui</Filter>
    </ClInclude>
    <ClInclude Include="..\3rdParty\imgui\imstb_truetype.h">
      <Filter>Engine\imgui</Filter>
    </ClInclude>
    <ClInclude Include="..\3rdParty\imgui\backends\imgui_impl_opengl2.h">
      <Filter>Engine\imgui</Filter>
    </ClInclude>
    <ClInclude Include="..\3rdParty\imgui\backends\imgui_impl_sdl2.h">
      <Filter>Engine\imgui</Filter>
    </ClInclude>
    <ClInclude Include="..\3rdParty\imgui\imgui_plot.h">
      <Filter>Engine\imgui</Filter>
    </ClInclude>
    <ClInclude Include="ButtonCommands.h" />
    <ClInclude Include="Controller.h" />
    <ClInclude Include="MovementComponent.h">
      <Filter>Engine\GameComponents</Filter>
    </ClInclude>
  </ItemGroup>
  <ItemGroup>
    <ClCompile Include="Font.cpp">
      <Filter>Engine</Filter>
    </ClCompile>
    <ClCompile Include="InputManager.cpp">
      <Filter>Engine</Filter>
    </ClCompile>
    <ClCompile Include="Main.cpp">
      <Filter>Project</Filter>
    </ClCompile>
    <ClCompile Include="Minigin.cpp">
      <Filter>Engine</Filter>
    </ClCompile>
    <ClCompile Include="Renderer.cpp">
      <Filter>Engine</Filter>
    </ClCompile>
    <ClCompile Include="ResourceManager.cpp">
      <Filter>Engine</Filter>
    </ClCompile>
    <ClCompile Include="Scene.cpp">
      <Filter>Project</Filter>
    </ClCompile>
    <ClCompile Include="SceneManager.cpp">
      <Filter>Engine</Filter>
    </ClCompile>
    <ClCompile Include="Texture2D.cpp">
      <Filter>Engine</Filter>
    </ClCompile>
    <ClCompile Include="Transform.cpp">
      <Filter>Engine</Filter>
    </ClCompile>
    <ClCompile Include="GameObject.cpp">
      <Filter>Engine\GameComponents</Filter>
    </ClCompile>
    <ClCompile Include="TextureComponent.cpp">
      <Filter>Engine\GameComponents</Filter>
    </ClCompile>
    <ClCompile Include="TextComponent.cpp">
      <Filter>Engine\GameComponents</Filter>
    </ClCompile>
    <ClCompile Include="FPSComponent.cpp">
      <Filter>Engine\GameComponents</Filter>
    </ClCompile>
    <ClCompile Include="RotationComponent.cpp">
      <Filter>Engine\GameComponents</Filter>
    </ClCompile>
    <ClCompile Include="..\3rdParty\imgui\imgui.cpp">
      <Filter>Engine\imgui</Filter>
    </ClCompile>
    <ClCompile Include="..\3rdParty\imgui\imgui_demo.cpp">
      <Filter>Engine\imgui</Filter>
    </ClCompile>
    <ClCompile Include="..\3rdParty\imgui\imgui_draw.cpp">
      <Filter>Engine\imgui</Filter>
    </ClCompile>
    <ClCompile Include="..\3rdParty\imgui\imgui_tables.cpp">
      <Filter>Engine\imgui</Filter>
    </ClCompile>
    <ClCompile Include="..\3rdParty\imgui\imgui_widgets.cpp">
      <Filter>Engine\imgui</Filter>
    </ClCompile>
    <ClCompile Include="..\3rdParty\imgui\backends\imgui_impl_opengl2.cpp">
      <Filter>Engine\imgui</Filter>
    </ClCompile>
    <ClCompile Include="..\3rdParty\imgui\backends\imgui_impl_sdl2.cpp">
      <Filter>Engine\imgui</Filter>
    </ClCompile>
    <ClCompile Include="..\3rdParty\imgui\imgui_plot.cpp">
      <Filter>Engine\imgui</Filter>
    </ClCompile>
    <ClCompile Include="Controller.cpp" />
    <ClCompile Include="MovementComponent.cpp">
      <Filter>Engine\GameComponents</Filter>
    </ClCompile>
  </ItemGroup>
</Project>